{
  "name": "s3peep",
  "lockfileVersion": 3,
  "requires": true,
  "packages": {
    "": {
      "dependencies": {
        "chrome-devtools-mcp": "^0.18.1"
      }
    },
    "node_modules/chrome-devtools-mcp": {
      "version": "0.18.1",
      "resolved": "https://registry.npmjs.org/chrome-devtools-mcp/-/chrome-devtools-mcp-0.18.1.tgz",
      "integrity": "sha512-foYSH4oXtMCteFaKOggpcwYcU1R3RYvU1Bq8qNIOWjpP4GyroNn8mLKSYo+u1kcuujmoJ80sgBBIibRo68w3aQ==",
      "license": "Apache-2.0",
      "bin": {
        "chrome-devtools-mcp": "build/src/index.js"
      },
      "engines": {
        "node": "^20.19.0 || ^22.12.0 || >=23"
      }
    }
  }
}
